
Microsoft Visual Studio Solution File, Format Version 12.00
# Visual Studio 14
VisualStudioVersion = 14.0.23107.0
MinimumVisualStudioVersion = 10.0.40219.1
Project("{FAE04EC0-301F-11D3-BF4B-00C04F79EFBC}") = "TTN_05_QUANLYKHACHSAN", "TTN_05_QUANLYKHACHSAN\TTN_05_QUANLYKHACHSAN.csproj", "{7BBFEDC5-D60C-45F1-B511-2AF1DED6D716}"
EndProject
Global
	GlobalSection(SolutionConfigurationPlatforms) = preSolution
		Debug|Any CPU = Debug|Any CPU
		Release|Any CPU = Release|Any CPU
	EndGlobalSection
	GlobalSection(ProjectConfigurationPlatforms) = postSolution
		{7BBFEDC5-D60C-45F1-B511-2AF1DED6D716}.Release|Any CPU.ActiveCfg = Release|Any CPU
		{7BBFEDC5-D60C-45F1-B511-2AF1DED6D716}.Release|Any CPU.Build.0 = Release|Any CPU
		{7BBFEDC5-D60C-45F1-B511-2AF1DED6D716}.Debug|Any CPU.ActiveCfg = Debug|Any CPU
		{7BBFEDC5-D60C-45F1-B511-2AF1DED6D716}.Debug|Any CPU.Build.0 = Debug|Any CPU

	EndGlobalSection
	GlobalSection(SolutionProperties) = preSolution
		HideSolutionNode = FALSE
	EndGlobalSection
EndGlobal







































































































































































































































































































































































































































































